// !$*UTF8*$!
{
	archiveVersion = 1;
	classes = {
	};
	objectVersion = 46;
	objects = {

/* Begin PBXBuildFile section */
		9A3C4E9C16823BC2002A310E /* UIKit.framework in Frameworks */ = {isa = PBXBuildFile; fileRef = 9A3C4E9B16823BC2002A310E /* UIKit.framework */; };
		9A3C4E9E16823BC2002A310E /* Foundation.framework in Frameworks */ = {isa = PBXBuildFile; fileRef = 9A3C4E9D16823BC2002A310E /* Foundation.framework */; };
		9A3C4EA016823BC2002A310E /* CoreGraphics.framework in Frameworks */ = {isa = PBXBuildFile; fileRef = 9A3C4E9F16823BC2002A310E /* CoreGraphics.framework */; };
		9A3C4EA816823BC2002A310E /* main.m in Sources */ = {isa = PBXBuildFile; fileRef = 9A3C4EA716823BC2002A310E /* main.m */; };
		9A3C4EAC16823BC2002A310E /* Dec11AppDelegate.m in Sources */ = {isa = PBXBuildFile; fileRef = 9A3C4EAB16823BC2002A310E /* Dec11AppDelegate.m */; };
		9A3C4EAE16823BC2002A310E /* Default.png in Resources */ = {isa = PBXBuildFile; fileRef = 9A3C4EAD16823BC2002A310E /* Default.png */; };
		9A3C4EB016823BC2002A310E /* Default@2x.png in Resources */ = {isa = PBXBuildFile; fileRef = 9A3C4EAF16823BC2002A310E /* Default@2x.png */; };
		9A3C4EB216823BC2002A310E /* Default-568h@2x.png in Resources */ = {isa = PBXBuildFile; fileRef = 9A3C4EB116823BC2002A310E /* Default-568h@2x.png */; };
		9A3C4EBA16824656002A310E /* ViewController.m in Sources */ = {isa = PBXBuildFile; fileRef = 9A3C4EB916824656002A310E /* ViewController.m */; };
		9A3C4ECD168251C7002A310E /* ViewOct25.m in Sources */ = {isa = PBXBuildFile; fileRef = 9A3C4ECC168251C7002A310E /* ViewOct25.m */; };
		9A3C4ED016825450002A310E /* ViewNov1.m in Sources */ = {isa = PBXBuildFile; fileRef = 9A3C4ECF16825450002A310E /* ViewNov1.m */; };
		9A3C4ED3168255A2002A310E /* ViewNov15.m in Sources */ = {isa = PBXBuildFile; fileRef = 9A3C4ED2168255A2002A310E /* ViewNov15.m */; };
		9A3C4ED61682560E002A310E /* SmallBox.m in Sources */ = {isa = PBXBuildFile; fileRef = 9A3C4ED51682560E002A310E /* SmallBox.m */; };
		9A3C4F01168258D9002A310E /* ViewNov29.m in Sources */ = {isa = PBXBuildFile; fileRef = 9A3C4F00168258D9002A310E /* ViewNov29.m */; };
		9A3C4F0716825BA4002A310E /* ViewDec6.m in Sources */ = {isa = PBXBuildFile; fileRef = 9A3C4F0616825BA4002A310E /* ViewDec6.m */; };
		9A3C4F0D16825E5D002A310E /* QuartzCore.framework in Frameworks */ = {isa = PBXBuildFile; fileRef = 9A3C4F0C16825E5D002A310E /* QuartzCore.framework */; };
		9A69D8A5168280AD00487763 /* Localizable.strings in Resources */ = {isa = PBXBuildFile; fileRef = 9A69D8A3168280AD00487763 /* Localizable.strings */; };
		9A75C20C16828F5F00CE9196 /* Ball.m in Sources */ = {isa = PBXBuildFile; fileRef = 9A75C20B16828F5F00CE9196 /* Ball.m */; };
		9AEBC3F7168286AB008EE953 /* ColorContainer.m in Sources */ = {isa = PBXBuildFile; fileRef = 9AEBC3F6168286AB008EE953 /* ColorContainer.m */; };
/* End PBXBuildFile section */

/* Begin PBXFileReference section */
		9A3C4E9716823BC2002A310E /* Dec11.app */ = {isa = PBXFileReference; explicitFileType = wrapper.application; includeInIndex = 0; path = Dec11.app; sourceTree = BUILT_PRODUCTS_DIR; };
		9A3C4E9B16823BC2002A310E /* UIKit.framework */ = {isa = PBXFileReference; lastKnownFileType = wrapper.framework; name = UIKit.framework; path = System/Library/Frameworks/UIKit.framework; sourceTree = SDKROOT; };
		9A3C4E9D16823BC2002A310E /* Foundation.framework */ = {isa = PBXFileReference; lastKnownFileType = wrapper.framework; name = Foundation.framework; path = System/Library/Frameworks/Foundation.framework; sourceTree = SDKROOT; };
		9A3C4E9F16823BC2002A310E /* CoreGraphics.framework */ = {isa = PBXFileReference; lastKnownFileType = wrapper.framework; name = CoreGraphics.framework; path = System/Library/Frameworks/CoreGraphics.framework; sourceTree = SDKROOT; };
		9A3C4EA316823BC2002A310E /* Dec11-Info.plist */ = {isa = PBXFileReference; lastKnownFileType = text.plist.xml; path = "Dec11-Info.plist"; sourceTree = "<group>"; };
		9A3C4EA716823BC2002A310E /* main.m */ = {isa = PBXFileReference; lastKnownFileType = sourcecode.c.objc; path = main.m; sourceTree = "<group>"; };
		9A3C4EA916823BC2002A310E /* Dec11-Prefix.pch */ = {isa = PBXFileReference; lastKnownFileType = sourcecode.c.h; path = "Dec11-Prefix.pch"; sourceTree = "<group>"; };
		9A3C4EAA16823BC2002A310E /* Dec11AppDelegate.h */ = {isa = PBXFileReference; lastKnownFileType = sourcecode.c.h; path = Dec11AppDelegate.h; sourceTree = "<group>"; };
		9A3C4EAB16823BC2002A310E /* Dec11AppDelegate.m */ = {isa = PBXFileReference; lastKnownFileType = sourcecode.c.objc; path = Dec11AppDelegate.m; sourceTree = "<group>"; };
		9A3C4EAD16823BC2002A310E /* Default.png */ = {isa = PBXFileReference; lastKnownFileType = image.png; path = Default.png; sourceTree = "<group>"; };
		9A3C4EAF16823BC2002A310E /* Default@2x.png */ = {isa = PBXFileReference; lastKnownFileType = image.png; path = "Default@2x.png"; sourceTree = "<group>"; };
		9A3C4EB116823BC2002A310E /* Default-568h@2x.png */ = {isa = PBXFileReference; lastKnownFileType = image.png; path = "Default-568h@2x.png"; sourceTree = "<group>"; };
		9A3C4EB816824656002A310E /* ViewController.h */ = {isa = PBXFileReference; fileEncoding = 4; lastKnownFileType = sourcecode.c.h; path = ViewController.h; sourceTree = "<group>"; };
		9A3C4EB916824656002A310E /* ViewController.m */ = {isa = PBXFileReference; fileEncoding = 4; lastKnownFileType = sourcecode.c.objc; path = ViewController.m; sourceTree = "<group>"; };
		9A3C4ECB168251C7002A310E /* ViewOct25.h */ = {isa = PBXFileReference; fileEncoding = 4; lastKnownFileType = sourcecode.c.h; path = ViewOct25.h; sourceTree = "<group>"; };
		9A3C4ECC168251C7002A310E /* ViewOct25.m */ = {isa = PBXFileReference; fileEncoding = 4; lastKnownFileType = sourcecode.c.objc; path = ViewOct25.m; sourceTree = "<group>"; };
		9A3C4ECE16825450002A310E /* ViewNov1.h */ = {isa = PBXFileReference; fileEncoding = 4; lastKnownFileType = sourcecode.c.h; path = ViewNov1.h; sourceTree = "<group>"; };
		9A3C4ECF16825450002A310E /* ViewNov1.m */ = {isa = PBXFileReference; fileEncoding = 4; lastKnownFileType = sourcecode.c.objc; path = ViewNov1.m; sourceTree = "<group>"; };
		9A3C4ED1168255A2002A310E /* ViewNov15.h */ = {isa = PBXFileReference; fileEncoding = 4; lastKnownFileType = sourcecode.c.h; path = ViewNov15.h; sourceTree = "<group>"; };
		9A3C4ED2168255A2002A310E /* ViewNov15.m */ = {isa = PBXFileReference; fileEncoding = 4; lastKnownFileType = sourcecode.c.objc; path = ViewNov15.m; sourceTree = "<group>"; };
		9A3C4ED41682560E002A310E /* SmallBox.h */ = {isa = PBXFileReference; fileEncoding = 4; lastKnownFileType = sourcecode.c.h; path = SmallBox.h; sourceTree = "<group>"; };
		9A3C4ED51682560E002A310E /* SmallBox.m */ = {isa = PBXFileReference; fileEncoding = 4; lastKnownFileType = sourcecode.c.objc; path = SmallBox.m; sourceTree = "<group>"; };
		9A3C4EFF168258D9002A310E /* ViewNov29.h */ = {isa = PBXFileReference; fileEncoding = 4; lastKnownFileType = sourcecode.c.h; path = ViewNov29.h; sourceTree = "<group>"; };
		9A3C4F00168258D9002A310E /* ViewNov29.m */ = {isa = PBXFileReference; fileEncoding = 4; lastKnownFileType = sourcecode.c.objc; path = ViewNov29.m; sourceTree = "<group>"; };
		9A3C4F0516825BA4002A310E /* ViewDec6.h */ = {isa = PBXFileReference; fileEncoding = 4; lastKnownFileType = sourcecode.c.h; path = ViewDec6.h; sourceTree = "<group>"; };
		9A3C4F0616825BA4002A310E /* ViewDec6.m */ = {isa = PBXFileReference; fileEncoding = 4; lastKnownFileType = sourcecode.c.objc; path = ViewDec6.m; sourceTree = "<group>"; };
		9A3C4F0C16825E5D002A310E /* QuartzCore.framework */ = {isa = PBXFileReference; lastKnownFileType = wrapper.framework; name = QuartzCore.framework; path = System/Library/Frameworks/QuartzCore.framework; sourceTree = SDKROOT; };
		9A69D8A4168280AD00487763 /* en */ = {isa = PBXFileReference; lastKnownFileType = text.plist.strings; name = en; path = en.lproj/Localizable.strings; sourceTree = "<group>"; };
		9A69D8A7168280EF00487763 /* es */ = {isa = PBXFileReference; lastKnownFileType = text.plist.strings; name = es; path = es.lproj/Localizable.strings; sourceTree = "<group>"; };
		9A75C20A16828F5F00CE9196 /* Ball.h */ = {isa = PBXFileReference; fileEncoding = 4; lastKnownFileType = sourcecode.c.h; path = Ball.h; sourceTree = "<group>"; };
		9A75C20B16828F5F00CE9196 /* Ball.m */ = {isa = PBXFileReference; fileEncoding = 4; lastKnownFileType = sourcecode.c.objc; path = Ball.m; sourceTree = "<group>"; };
		9AEBC3F5168286AB008EE953 /* ColorContainer.h */ = {isa = PBXFileReference; fileEncoding = 4; lastKnownFileType = sourcecode.c.h; path = ColorContainer.h; sourceTree = "<group>"; };
		9AEBC3F6168286AB008EE953 /* ColorContainer.m */ = {isa = PBXFileReference; fileEncoding = 4; lastKnownFileType = sourcecode.c.objc; path = ColorContainer.m; sourceTree = "<group>"; };
/* End PBXFileReference section */

/* Begin PBXFrameworksBuildPhase section */
		9A3C4E9416823BC2002A310E /* Frameworks */ = {
			isa = PBXFrameworksBuildPhase;
			buildActionMask = 2147483647;
			files = (
				9A3C4F0D16825E5D002A310E /* QuartzCore.framework in Frameworks */,
				9A3C4E9C16823BC2002A310E /* UIKit.framework in Frameworks */,
				9A3C4E9E16823BC2002A310E /* Foundation.framework in Frameworks */,
				9A3C4EA016823BC2002A310E /* CoreGraphics.framework in Frameworks */,
			);
			runOnlyForDeploymentPostprocessing = 0;
		};
/* End PBXFrameworksBuildPhase section */

/* Begin PBXGroup section */
		9A3C4E8C16823BC2002A310E = {
			isa = PBXGroup;
			children = (
				9A3C4EA116823BC2002A310E /* Dec11 */,
				9A3C4E9A16823BC2002A310E /* Frameworks */,
				9A3C4E9816823BC2002A310E /* Products */,
			);
			sourceTree = "<group>";
		};
		9A3C4E9816823BC2002A310E /* Products */ = {
			isa = PBXGroup;
			children = (
				9A3C4E9716823BC2002A310E /* Dec11.app */,
			);
			name = Products;
			sourceTree = "<group>";
		};
		9A3C4E9A16823BC2002A310E /* Frameworks */ = {
			isa = PBXGroup;
			children = (
				9A3C4F0C16825E5D002A310E /* QuartzCore.framework */,
				9A3C4E9B16823BC2002A310E /* UIKit.framework */,
				9A3C4E9D16823BC2002A310E /* Foundation.framework */,
				9A3C4E9F16823BC2002A310E /* CoreGraphics.framework */,
			);
			name = Frameworks;
			sourceTree = "<group>";
		};
		9A3C4EA116823BC2002A310E /* Dec11 */ = {
			isa = PBXGroup;
			children = (
				9AD9EF9F1682703F00113DA7 /* Oct25 */,
				9AD9EFA01682704C00113DA7 /* Nov1 */,
				9AD9EF9E1682702700113DA7 /* Nov15 */,
				9AD9EF9D16826FF800113DA7 /* Nov29 */,
				9AD9EF9C16826FBE00113DA7 /* Dec6 */,
				9A3C4EAA16823BC2002A310E /* Dec11AppDelegate.h */,
				9A3C4EAB16823BC2002A310E /* Dec11AppDelegate.m */,
				9A3C4EB816824656002A310E /* ViewController.h */,
				9A3C4EB916824656002A310E /* ViewController.m */,
				9A3C4EA216823BC2002A310E /* Supporting Files */,
			);
			path = Dec11;
			sourceTree = "<group>";
		};
		9A3C4EA216823BC2002A310E /* Supporting Files */ = {
			isa = PBXGroup;
			children = (
				9A69D8A3168280AD00487763 /* Localizable.strings */,
				9A3C4EA316823BC2002A310E /* Dec11-Info.plist */,
				9A3C4EA716823BC2002A310E /* main.m */,
				9A3C4EA916823BC2002A310E /* Dec11-Prefix.pch */,
				9A3C4EAD16823BC2002A310E /* Default.png */,
				9A3C4EAF16823BC2002A310E /* Default@2x.png */,
				9A3C4EB116823BC2002A310E /* Default-568h@2x.png */,
			);
			name = "Supporting Files";
			sourceTree = "<group>";
		};
		9AD9EF9C16826FBE00113DA7 /* Dec6 */ = {
			isa = PBXGroup;
			children = (
				9A3C4F0516825BA4002A310E /* ViewDec6.h */,
				9A3C4F0616825BA4002A310E /* ViewDec6.m */,
				9A75C20A16828F5F00CE9196 /* Ball.h */,
				9A75C20B16828F5F00CE9196 /* Ball.m */,
			);
			name = Dec6;
			sourceTree = "<group>";
		};
		9AD9EF9D16826FF800113DA7 /* Nov29 */ = {
			isa = PBXGroup;
			children = (
				9AEBC3F5168286AB008EE953 /* ColorContainer.h */,
				9AEBC3F6168286AB008EE953 /* ColorContainer.m */,
				9A3C4EFF168258D9002A310E /* ViewNov29.h */,
				9A3C4F00168258D9002A310E /* ViewNov29.m */,
			);
			name = Nov29;
			sourceTree = "<group>";
		};
		9AD9EF9E1682702700113DA7 /* Nov15 */ = {
			isa = PBXGroup;
			children = (
				9A3C4ED41682560E002A310E /* SmallBox.h */,
				9A3C4ED51682560E002A310E /* SmallBox.m */,
				9A3C4ED1168255A2002A310E /* ViewNov15.h */,
				9A3C4ED2168255A2002A310E /* ViewNov15.m */,
			);
			name = Nov15;
			sourceTree = "<group>";
		};
		9AD9EF9F1682703F00113DA7 /* Oct25 */ = {
			isa = PBXGroup;
			children = (
				9A3C4ECB168251C7002A310E /* ViewOct25.h */,
				9A3C4ECC168251C7002A310E /* ViewOct25.m */,
			);
			name = Oct25;
			sourceTree = "<group>";
		};
		9AD9EFA01682704C00113DA7 /* Nov1 */ = {
			isa = PBXGroup;
			children = (
				9A3C4ECE16825450002A310E /* ViewNov1.h */,
				9A3C4ECF16825450002A310E /* ViewNov1.m */,
			);
			name = Nov1;
			sourceTree = "<group>";
		};
/* End PBXGroup section */

/* Begin PBXNativeTarget section */
		9A3C4E9616823BC2002A310E /* Dec11 */ = {
			isa = PBXNativeTarget;
			buildConfigurationList = 9A3C4EB516823BC2002A310E /* Build configuration list for PBXNativeTarget "Dec11" */;
			buildPhases = (
				9A3C4E9316823BC2002A310E /* Sources */,
				9A3C4E9416823BC2002A310E /* Frameworks */,
				9A3C4E9516823BC2002A310E /* Resources */,
			);
			buildRules = (
			);
			dependencies = (
			);
			name = Dec11;
			productName = Dec11;
			productReference = 9A3C4E9716823BC2002A310E /* Dec11.app */;
			productType = "com.apple.product-type.application";
		};
/* End PBXNativeTarget section */

/* Begin PBXProject section */
		9A3C4E8E16823BC2002A310E /* Project object */ = {
			isa = PBXProject;
			attributes = {
				CLASSPREFIX = Dec11;
				LastUpgradeCheck = 0450;
				ORGANIZATIONNAME = "Leonardo Lavega";
			};
			buildConfigurationList = 9A3C4E9116823BC2002A310E /* Build configuration list for PBXProject "Dec11" */;
			compatibilityVersion = "Xcode 3.2";
			developmentRegion = English;
			hasScannedForEncodings = 0;
			knownRegions = (
				en,
				es,
			);
			mainGroup = 9A3C4E8C16823BC2002A310E;
			productRefGroup = 9A3C4E9816823BC2002A310E /* Products */;
			projectDirPath = "";
			projectRoot = "";
			targets = (
				9A3C4E9616823BC2002A310E /* Dec11 */,
			);
		};
/* End PBXProject section */

/* Begin PBXResourcesBuildPhase section */
		9A3C4E9516823BC2002A310E /* Resources */ = {
			isa = PBXResourcesBuildPhase;
			buildActionMask = 2147483647;
			files = (
				9A3C4EAE16823BC2002A310E /* Default.png in Resources */,
				9A3C4EB016823BC2002A310E /* Default@2x.png in Resources */,
				9A3C4EB216823BC2002A310E /* Default-568h@2x.png in Resources */,
				9A69D8A5168280AD00487763 /* Localizable.strings in Resources */,
			);
			runOnlyForDeploymentPostprocessing = 0;
		};
/* End PBXResourcesBuildPhase section */

/* Begin PBXSourcesBuildPhase section */
		9A3C4E9316823BC2002A310E /* Sources */ = {
			isa = PBXSourcesBuildPhase;
			buildActionMask = 2147483647;
			files = (
				9A3C4EA816823BC2002A310E /* main.m in Sources */,
				9A3C4EAC16823BC2002A310E /* Dec11AppDelegate.m in Sources */,
				9A3C4EBA16824656002A310E /* ViewController.m in Sources */,
				9A3C4ECD168251C7002A310E /* ViewOct25.m in Sources */,
				9A3C4ED016825450002A310E /* ViewNov1.m in Sources */,
				9A3C4ED3168255A2002A310E /* ViewNov15.m in Sources */,
				9A3C4ED61682560E002A310E /* SmallBox.m in Sources */,
				9A3C4F01168258D9002A310E /* ViewNov29.m in Sources */,
				9A3C4F0716825BA4002A310E /* ViewDec6.m in Sources */,
				9AEBC3F7168286AB008EE953 /* ColorContainer.m in Sources */,
				9A75C20C16828F5F00CE9196 /* Ball.m in Sources */,
			);
			runOnlyForDeploymentPostprocessing = 0;
		};
/* End PBXSourcesBuildPhase section */

/* Begin PBXVariantGroup section */
		9A69D8A3168280AD00487763 /* Localizable.strings */ = {
			isa = PBXVariantGroup;
			children = (
				9A69D8A4168280AD00487763 /* en */,
				9A69D8A7168280EF00487763 /* es */,
			);
			name = Localizable.strings;
			sourceTree = "<group>";
		};
/* End PBXVariantGroup section */

/* Begin XCBuildConfiguration section */
		9A3C4EB316823BC2002A310E /* Debug */ = {
			isa = XCBuildConfiguration;
			buildSettings = {
				ALWAYS_SEARCH_USER_PATHS = NO;
				CLANG_CXX_LANGUAGE_STANDARD = "gnu++0x";
				CLANG_CXX_LIBRARY = "libc++";
				CLANG_ENABLE_OBJC_ARC = YES;
				CLANG_WARN_EMPTY_BODY = YES;
				CLANG_WARN__DUPLICATE_METHOD_MATCH = YES;
				"CODE_SIGN_IDENTITY[sdk=iphoneos*]" = "iPhone Developer";
				COPY_PHASE_STRIP = NO;
				GCC_C_LANGUAGE_STANDARD = gnu99;
				GCC_DYNAMIC_NO_PIC = NO;
				GCC_OPTIMIZATION_LEVEL = 0;
				GCC_PREPROCESSOR_DEFINITIONS = (
					"DEBUG=1",
					"$(inherited)",
				);
				GCC_SYMBOLS_PRIVATE_EXTERN = NO;
				GCC_WARN_ABOUT_RETURN_TYPE = YES;
				GCC_WARN_UNINITIALIZED_AUTOS = YES;
				GCC_WARN_UNUSED_VARIABLE = YES;
				IPHONEOS_DEPLOYMENT_TARGET = 6.0;
				ONLY_ACTIVE_ARCH = YES;
				SDKROOT = iphoneos;
			};
			name = Debug;
		};
		9A3C4EB416823BC2002A310E /* Release */ = {
			isa = XCBuildConfiguration;
			buildSettings = {
				ALWAYS_SEARCH_USER_PATHS = NO;
				CLANG_CXX_LANGUAGE_STANDARD = "gnu++0x";
				CLANG_CXX_LIBRARY = "libc++";
				CLANG_ENABLE_OBJC_ARC = YES;
				CLANG_WARN_EMPTY_BODY = YES;
				CLANG_WARN__DUPLICATE_METHOD_MATCH = YES;
				"CODE_SIGN_IDENTITY[sdk=iphoneos*]" = "iPhone Developer";
				COPY_PHASE_STRIP = YES;
				GCC_C_LANGUAGE_STANDARD = gnu99;
				GCC_WARN_ABOUT_RETURN_TYPE = YES;
				GCC_WARN_UNINITIALIZED_AUTOS = YES;
				GCC_WARN_UNUSED_VARIABLE = YES;
				IPHONEOS_DEPLOYMENT_TARGET = 6.0;
				OTHER_CFLAGS = "-DNS_BLOCK_ASSERTIONS=1";
				SDKROOT = iphoneos;
				VALIDATE_PRODUCT = YES;
			};
			name = Release;
		};
		9A3C4EB616823BC2002A310E /* Debug */ = {
			isa = XCBuildConfiguration;
			buildSettings = {
				GCC_PRECOMPILE_PREFIX_HEADER = YES;
				GCC_PREFIX_HEADER = "Dec11/Dec11-Prefix.pch";
				INFOPLIST_FILE = "Dec11/Dec11-Info.plist";
				PRODUCT_NAME = "$(TARGET_NAME)";
				WRAPPER_EXTENSION = app;
			};
			name = Debug;
		};
		9A3C4EB716823BC2002A310E /* Release */ = {
			isa = XCBuildConfiguration;
			buildSettings = {
				GCC_PRECOMPILE_PREFIX_HEADER = YES;
				GCC_PREFIX_HEADER = "Dec11/Dec11-Prefix.pch";
				INFOPLIST_FILE = "Dec11/Dec11-Info.plist";
				PRODUCT_NAME = "$(TARGET_NAME)";
				WRAPPER_EXTENSION = app;
			};
			name = Release;
		};
/* End XCBuildConfiguration section */

/* Begin XCConfigurationList section */
		9A3C4E9116823BC2002A310E /* Build configuration list for PBXProject "Dec11" */ = {
			isa = XCConfigurationList;
			buildConfigurations = (
				9A3C4EB316823BC2002A310E /* Debug */,
				9A3C4EB416823BC2002A310E /* Release */,
			);
			defaultConfigurationIsVisible = 0;
			defaultConfigurationName = Release;
		};
		9A3C4EB516823BC2002A310E /* Build configuration list for PBXNativeTarget "Dec11" */ = {
			isa = XCConfigurationList;
			buildConfigurations = (
				9A3C4EB616823BC2002A310E /* Debug */,
				9A3C4EB716823BC2002A310E /* Release */,
			);
			defaultConfigurationIsVisible = 0;
			defaultConfigurationName = Release;
		};
/* End XCConfigurationList section */
	};
	rootObject = 9A3C4E8E16823BC2002A310E /* Project object */;
}
